
Microsoft Visual Studio Solution File, Format Version 12.00
# Visual Studio Version 17
VisualStudioVersion = 17.9.34728.123
MinimumVisualStudioVersion = 10.0.40219.1
Project("{9A19103F-16F7-4668-BE54-9A1E7A4F7556}") = "PracticeSets03_1", "PracticeSets03_1\PracticeSets03_1.csproj", "{E3AB105B-58A5-40A0-BE02-3300BBE6EA9E}"
EndProject
Project("{9A19103F-16F7-4668-BE54-9A1E7A4F7556}") = "PracticeSets03_02", "PracticeSets03_02\PracticeSets03_02.csproj", "{59BC665A-30E5-4C71-A449-711C4E6C32D0}"
EndProject
Global
	GlobalSection(SolutionConfigurationPlatforms) = preSolution
		Debug|Any CPU = Debug|Any CPU
		Release|Any CPU = Release|Any CPU
	EndGlobalSection
	GlobalSection(ProjectConfigurationPlatforms) = postSolution
		{E3AB105B-58A5-40A0-BE02-3300BBE6EA9E}.Debug|Any CPU.ActiveCfg = Debug|Any CPU
		{E3AB105B-58A5-40A0-BE02-3300BBE6EA9E}.Debug|Any CPU.Build.0 = Debug|Any CPU
		{E3AB105B-58A5-40A0-BE02-3300BBE6EA9E}.Release|Any CPU.ActiveCfg = Release|Any CPU
		{E3AB105B-58A5-40A0-BE02-3300BBE6EA9E}.Release|Any CPU.Build.0 = Release|Any CPU
		{59BC665A-30E5-4C71-A449-711C4E6C32D0}.Debug|Any CPU.ActiveCfg = Debug|Any CPU
		{59BC665A-30E5-4C71-A449-711C4E6C32D0}.Debug|Any CPU.Build.0 = Debug|Any CPU
		{59BC665A-30E5-4C71-A449-711C4E6C32D0}.Release|Any CPU.ActiveCfg = Release|Any CPU
		{59BC665A-30E5-4C71-A449-711C4E6C32D0}.Release|Any CPU.Build.0 = Release|Any CPU
	EndGlobalSection
	GlobalSection(SolutionProperties) = preSolution
		HideSolutionNode = FALSE
	EndGlobalSection
	GlobalSection(ExtensibilityGlobals) = postSolution
		SolutionGuid = {73B33A11-8A4B-4186-B3E3-7974DFF5E7EA}
	EndGlobalSection
EndGlobal
